
Microsoft Visual Studio Solution File, Format Version 12.00
# Visual Studio Version 17
VisualStudioVersion = 17.9.34607.119
MinimumVisualStudioVersion = 10.0.40219.1
Project("{9A19103F-16F7-4668-BE54-9A1E7A4F7556}") = "MyServer", "MyServer\MyServer.csproj", "{70FE4DC7-FF02-492E-9A32-37D1059CFCA3}"
EndProject
Project("{9A19103F-16F7-4668-BE54-9A1E7A4F7556}") = "MyClient", "MyClient\MyClient.csproj", "{39522F26-399D-46B5-86C2-FF89C410437A}"
EndProject
Project("{FAE04EC0-301F-11D3-BF4B-00C04F79EFBC}") = "Domain", "Domain\Domain.csproj", "{870569AA-4949-4B91-BBE9-6E4970B1FB7D}"
EndProject
Global
	GlobalSection(SolutionConfigurationPlatforms) = preSolution
		Debug|Any CPU = Debug|Any CPU
		Release|Any CPU = Release|Any CPU
	EndGlobalSection
	GlobalSection(ProjectConfigurationPlatforms) = postSolution
		{70FE4DC7-FF02-492E-9A32-37D1059CFCA3}.Debug|Any CPU.ActiveCfg = Debug|Any CPU
		{70FE4DC7-FF02-492E-9A32-37D1059CFCA3}.Debug|Any CPU.Build.0 = Debug|Any CPU
		{70FE4DC7-FF02-492E-9A32-37D1059CFCA3}.Release|Any CPU.ActiveCfg = Release|Any CPU
		{70FE4DC7-FF02-492E-9A32-37D1059CFCA3}.Release|Any CPU.Build.0 = Release|Any CPU
		{39522F26-399D-46B5-86C2-FF89C410437A}.Debug|Any CPU.ActiveCfg = Debug|Any CPU
		{39522F26-399D-46B5-86C2-FF89C410437A}.Debug|Any CPU.Build.0 = Debug|Any CPU
		{39522F26-399D-46B5-86C2-FF89C410437A}.Release|Any CPU.ActiveCfg = Release|Any CPU
		{39522F26-399D-46B5-86C2-FF89C410437A}.Release|Any CPU.Build.0 = Release|Any CPU
		{870569AA-4949-4B91-BBE9-6E4970B1FB7D}.Debug|Any CPU.ActiveCfg = Debug|Any CPU
		{870569AA-4949-4B91-BBE9-6E4970B1FB7D}.Debug|Any CPU.Build.0 = Debug|Any CPU
		{870569AA-4949-4B91-BBE9-6E4970B1FB7D}.Release|Any CPU.ActiveCfg = Release|Any CPU
		{870569AA-4949-4B91-BBE9-6E4970B1FB7D}.Release|Any CPU.Build.0 = Release|Any CPU
	EndGlobalSection
	GlobalSection(SolutionProperties) = preSolution
		HideSolutionNode = FALSE
	EndGlobalSection
	GlobalSection(ExtensibilityGlobals) = postSolution
		SolutionGuid = {C4BF29D8-D6A5-4495-9230-01C67CD1179F}
	EndGlobalSection
EndGlobal
